
Microsoft Visual Studio Solution File, Format Version 12.00
# Visual Studio Version 17
VisualStudioVersion = 17.9.34701.34
MinimumVisualStudioVersion = 10.0.40219.1
Project("{FAE04EC0-301F-11D3-BF4B-00C04F79EFBC}") = "DependencyInjection_Transient_Scoped_Singleton", "DependencyInjection_Transient_Scoped_Singleton.csproj", "{B750B52C-28C0-4B0B-8931-FA1A573B0EC1}"
EndProject
Global
	GlobalSection(SolutionConfigurationPlatforms) = preSolution
		Debug|Any CPU = Debug|Any CPU
		Release|Any CPU = Release|Any CPU
	EndGlobalSection
	GlobalSection(ProjectConfigurationPlatforms) = postSolution
		{B750B52C-28C0-4B0B-8931-FA1A573B0EC1}.Debug|Any CPU.ActiveCfg = Debug|Any CPU
		{B750B52C-28C0-4B0B-8931-FA1A573B0EC1}.Debug|Any CPU.Build.0 = Debug|Any CPU
		{B750B52C-28C0-4B0B-8931-FA1A573B0EC1}.Release|Any CPU.ActiveCfg = Release|Any CPU
		{B750B52C-28C0-4B0B-8931-FA1A573B0EC1}.Release|Any CPU.Build.0 = Release|Any CPU
	EndGlobalSection
	GlobalSection(SolutionProperties) = preSolution
		HideSolutionNode = FALSE
	EndGlobalSection
	GlobalSection(ExtensibilityGlobals) = postSolution
		SolutionGuid = {7616587C-CF4D-460A-8141-A35011D9C136}
	EndGlobalSection
EndGlobal
